
Microsoft Visual Studio Solution File, Format Version 12.00
# Visual Studio Version 17
VisualStudioVersion = 17.11.35327.3
MinimumVisualStudioVersion = 10.0.40219.1
Project("{FAE04EC0-301F-11D3-BF4B-00C04F79EFBC}") = "Dijkstry", "Dijkstry\Dijkstry.csproj", "{B18BD328-ABBC-4D17-88DB-5DCCEFBADD6A}"
EndProject
Global
	GlobalSection(SolutionConfigurationPlatforms) = preSolution
		Debug|Any CPU = Debug|Any CPU
		Release|Any CPU = Release|Any CPU
	EndGlobalSection
	GlobalSection(ProjectConfigurationPlatforms) = postSolution
		{B18BD328-ABBC-4D17-88DB-5DCCEFBADD6A}.Debug|Any CPU.ActiveCfg = Debug|Any CPU
		{B18BD328-ABBC-4D17-88DB-5DCCEFBADD6A}.Debug|Any CPU.Build.0 = Debug|Any CPU
		{B18BD328-ABBC-4D17-88DB-5DCCEFBADD6A}.Release|Any CPU.ActiveCfg = Release|Any CPU
		{B18BD328-ABBC-4D17-88DB-5DCCEFBADD6A}.Release|Any CPU.Build.0 = Release|Any CPU
	EndGlobalSection
	GlobalSection(SolutionProperties) = preSolution
		HideSolutionNode = FALSE
	EndGlobalSection
	GlobalSection(ExtensibilityGlobals) = postSolution
		SolutionGuid = {4E433663-A327-498B-8A53-2113F88543D6}
	EndGlobalSection
EndGlobal
